
Microsoft Visual Studio Solution File, Format Version 12.00
# Visual Studio Version 16
VisualStudioVersion = 16.0.29201.188
MinimumVisualStudioVersion = 10.0.40219.1
Project("{F184B08F-C81C-45F6-A57F-5ABD9991F28F}") = "OTPService", "OTPService\OTPService.vbproj", "{70D9D76C-4205-42BB-A59E-1DA2695BE515}"
EndProject
Project("{F184B08F-C81C-45F6-A57F-5ABD9991F28F}") = "OTPForm", "OTPForm\OTPForm.vbproj", "{8B1530A5-FD72-4222-A131-15DE6972BD5E}"
EndProject
Global
	GlobalSection(SolutionConfigurationPlatforms) = preSolution
		Debug|Any CPU = Debug|Any CPU
		Release|Any CPU = Release|Any CPU
	EndGlobalSection
	GlobalSection(ProjectConfigurationPlatforms) = postSolution
		{70D9D76C-4205-42BB-A59E-1DA2695BE515}.Debug|Any CPU.ActiveCfg = Debug|Any CPU
		{70D9D76C-4205-42BB-A59E-1DA2695BE515}.Debug|Any CPU.Build.0 = Debug|Any CPU
		{70D9D76C-4205-42BB-A59E-1DA2695BE515}.Release|Any CPU.ActiveCfg = Release|Any CPU
		{70D9D76C-4205-42BB-A59E-1DA2695BE515}.Release|Any CPU.Build.0 = Release|Any CPU
		{8B1530A5-FD72-4222-A131-15DE6972BD5E}.Debug|Any CPU.ActiveCfg = Debug|Any CPU
		{8B1530A5-FD72-4222-A131-15DE6972BD5E}.Debug|Any CPU.Build.0 = Debug|Any CPU
		{8B1530A5-FD72-4222-A131-15DE6972BD5E}.Release|Any CPU.ActiveCfg = Release|Any CPU
		{8B1530A5-FD72-4222-A131-15DE6972BD5E}.Release|Any CPU.Build.0 = Release|Any CPU
	EndGlobalSection
	GlobalSection(SolutionProperties) = preSolution
		HideSolutionNode = FALSE
	EndGlobalSection
	GlobalSection(ExtensibilityGlobals) = postSolution
		SolutionGuid = {E4559C60-3D76-449D-A82A-C49F13C03871}
	EndGlobalSection
EndGlobal
